
Microsoft Visual Studio Solution File, Format Version 12.00
# Visual Studio Version 16
VisualStudioVersion = 16.0.32106.194
MinimumVisualStudioVersion = 10.0.40219.1
Project("{9A19103F-16F7-4668-BE54-9A1E7A4F7556}") = "DevJobs.API", "DevJobs.API\DevJobs.API.csproj", "{A3F51D84-B441-4C0B-9122-07742E0F1453}"
EndProject
Global
	GlobalSection(SolutionConfigurationPlatforms) = preSolution
		Debug|Any CPU = Debug|Any CPU
		Release|Any CPU = Release|Any CPU
	EndGlobalSection
	GlobalSection(ProjectConfigurationPlatforms) = postSolution
		{A3F51D84-B441-4C0B-9122-07742E0F1453}.Debug|Any CPU.ActiveCfg = Debug|Any CPU
		{A3F51D84-B441-4C0B-9122-07742E0F1453}.Debug|Any CPU.Build.0 = Debug|Any CPU
		{A3F51D84-B441-4C0B-9122-07742E0F1453}.Release|Any CPU.ActiveCfg = Release|Any CPU
		{A3F51D84-B441-4C0B-9122-07742E0F1453}.Release|Any CPU.Build.0 = Release|Any CPU
	EndGlobalSection
	GlobalSection(SolutionProperties) = preSolution
		HideSolutionNode = FALSE
	EndGlobalSection
	GlobalSection(ExtensibilityGlobals) = postSolution
		SolutionGuid = {2FDBD26D-4672-4D7B-97BD-4B8FF9AEB05F}
	EndGlobalSection
EndGlobal
